
Microsoft Visual Studio Solution File, Format Version 12.00
# Visual Studio Version 16
VisualStudioVersion = 16.0.30204.135
MinimumVisualStudioVersion = 10.0.40219.1
Project("{FAE04EC0-301F-11D3-BF4B-00C04F79EFBC}") = "Vidly", "Vidly\Vidly.csproj", "{2FE337AB-026B-4C0E-9969-AC988FC587DC}"
EndProject
Global
	GlobalSection(SolutionConfigurationPlatforms) = preSolution
		Debug|Any CPU = Debug|Any CPU
		Release|Any CPU = Release|Any CPU
	EndGlobalSection
	GlobalSection(ProjectConfigurationPlatforms) = postSolution
		{2FE337AB-026B-4C0E-9969-AC988FC587DC}.Debug|Any CPU.ActiveCfg = Debug|Any CPU
		{2FE337AB-026B-4C0E-9969-AC988FC587DC}.Debug|Any CPU.Build.0 = Debug|Any CPU
		{2FE337AB-026B-4C0E-9969-AC988FC587DC}.Release|Any CPU.ActiveCfg = Release|Any CPU
		{2FE337AB-026B-4C0E-9969-AC988FC587DC}.Release|Any CPU.Build.0 = Release|Any CPU
	EndGlobalSection
	GlobalSection(SolutionProperties) = preSolution
		HideSolutionNode = FALSE
	EndGlobalSection
	GlobalSection(ExtensibilityGlobals) = postSolution
		SolutionGuid = {5D115B53-C7D4-4365-B527-5A7EC62D2340}
	EndGlobalSection
EndGlobal
